
Microsoft Visual Studio Solution File, Format Version 12.00
# Visual Studio Version 16
VisualStudioVersion = 16.0.31025.194
MinimumVisualStudioVersion = 10.0.40219.1
Project("{FAE04EC0-301F-11D3-BF4B-00C04F79EFBC}") = "web_korona", "web_korona\web_korona.csproj", "{4CFF8230-FD9A-44B2-BECC-674EA62A411B}"
EndProject
Global
	GlobalSection(SolutionConfigurationPlatforms) = preSolution
		Debug|Any CPU = Debug|Any CPU
		Release|Any CPU = Release|Any CPU
	EndGlobalSection
	GlobalSection(ProjectConfigurationPlatforms) = postSolution
		{4CFF8230-FD9A-44B2-BECC-674EA62A411B}.Debug|Any CPU.ActiveCfg = Debug|Any CPU
		{4CFF8230-FD9A-44B2-BECC-674EA62A411B}.Debug|Any CPU.Build.0 = Debug|Any CPU
		{4CFF8230-FD9A-44B2-BECC-674EA62A411B}.Release|Any CPU.ActiveCfg = Release|Any CPU
		{4CFF8230-FD9A-44B2-BECC-674EA62A411B}.Release|Any CPU.Build.0 = Release|Any CPU
	EndGlobalSection
	GlobalSection(SolutionProperties) = preSolution
		HideSolutionNode = FALSE
	EndGlobalSection
	GlobalSection(ExtensibilityGlobals) = postSolution
		SolutionGuid = {DAC83BAB-5AED-44C7-A0FC-1BB7F54AE456}
	EndGlobalSection
EndGlobal
